
Microsoft Visual Studio Solution File, Format Version 12.00
# Visual Studio Version 17
VisualStudioVersion = 17.12.35707.178
MinimumVisualStudioVersion = 10.0.40219.1
Project("{2150E333-8FDC-42A3-9474-1A3956D46DE8}") = "SingletonPattern", "SingletonPattern", "{C7323748-3364-40B9-A107-86E67B744E9D}"
EndProject
Project("{FAE04EC0-301F-11D3-BF4B-00C04F79EFBC}") = "SP_Demo1_NotRecommended", "Singleton\SP_Demo1_NotRecommended\SP_Demo1_NotRecommended.csproj", "{BF46B808-9914-450D-B6C8-3F430BDDB8F1}"
EndProject
Project("{FAE04EC0-301F-11D3-BF4B-00C04F79EFBC}") = "SP_Demo2_UsingLock", "Singleton\SP_Demo2_UsingLock\SP_Demo2_UsingLock.csproj", "{10F6F15E-390B-45F0-BA3B-3080DC2B21FD}"
EndProject
Project("{FAE04EC0-301F-11D3-BF4B-00C04F79EFBC}") = "SP_Demo3_StaticInitialization", "Singleton\SP_Demo3_EarlyInitialization\SP_Demo3_StaticInitialization.csproj", "{414BA2DA-3059-4E8E-A740-FB92FB1772DA}"
EndProject
Project("{FAE04EC0-301F-11D3-BF4B-00C04F79EFBC}") = "SP_Demo1_Q&A", "Singleton\SP_Demo1_Q&A\SP_Demo1_Q&A.csproj", "{E6F99832-0518-4774-B0FD-B01D5EDDB648}"
EndProject
Project("{FAE04EC0-301F-11D3-BF4B-00C04F79EFBC}") = "SP_Demo4_LazyInitialization", "Singleton\SP_Demo4_LazyInitialization\SP_Demo4_LazyInitialization.csproj", "{E5B7E7CE-FE45-4761-AF8F-1F3A5BA00076}"
EndProject
Project("{2150E333-8FDC-42A3-9474-1A3956D46DE8}") = "FactoryPatterns", "FactoryPatterns", "{A7B1024B-CDF0-49E5-8C46-5ED26947F3A2}"
EndProject
Project("{FAE04EC0-301F-11D3-BF4B-00C04F79EFBC}") = "VehicleLibrary", "Factory\VehicleLibrary\VehicleLibrary.csproj", "{C0AFC653-EEED-4216-BDD9-86F60F213824}"
EndProject
Project("{FAE04EC0-301F-11D3-BF4B-00C04F79EFBC}") = "SimpleFactoryLibrary", "Factory\SimpleFactoryLibrary\SimpleFactoryLibrary.csproj", "{FE49E484-87E3-4B46-8515-4995E7911066}"
EndProject
Project("{FAE04EC0-301F-11D3-BF4B-00C04F79EFBC}") = "FactoryMethodLibrary", "Factory\FactoryMethodLibrary\FactoryMethodLibrary.csproj", "{EDF4752A-6F01-4714-AA2C-12193EA99253}"
EndProject
Project("{FAE04EC0-301F-11D3-BF4B-00C04F79EFBC}") = "FP_Demo1_UnderstandingTheNeed", "Factory\FP_Demo1_UnderstandingTheNeed\FP_Demo1_UnderstandingTheNeed.csproj", "{9F26BA78-9B9B-4C4F-B3F5-BB2321885486}"
EndProject
Project("{FAE04EC0-301F-11D3-BF4B-00C04F79EFBC}") = "FP_Demo2_SimpleFactory", "Factory\FP_Demo2_SimpleFactory\FP_Demo2_SimpleFactory.csproj", "{6C3CA5A0-3DBC-49F4-9577-0CED4A9033E3}"
EndProject
Project("{FAE04EC0-301F-11D3-BF4B-00C04F79EFBC}") = "FP_Demo3_FactoryMethod", "Factory\FP_Demo3_FactoryMethod\FP_Demo3_FactoryMethod.csproj", "{FB3EA93F-FD94-4822-A9A1-E3847F14D25B}"
EndProject
Project("{2150E333-8FDC-42A3-9474-1A3956D46DE8}") = "BuilderPattern", "BuilderPattern", "{9ADCFB71-97EA-484E-9271-BBC65B5DFD73}"
EndProject
Project("{FAE04EC0-301F-11D3-BF4B-00C04F79EFBC}") = "BP_Demo1", "Builder\BP_Demo1\BP_Demo1.csproj", "{327A18EE-DE06-4E33-9CC8-532C0769F573}"
EndProject
Project("{FAE04EC0-301F-11D3-BF4B-00C04F79EFBC}") = "BP_Demo2", "Builder\BP_Demo2\BP_Demo2\BP_Demo2.csproj", "{71A968D7-5B77-4F3C-842C-0814D79C0BA5}"
EndProject
Project("{2150E333-8FDC-42A3-9474-1A3956D46DE8}") = "DIPattern", "DIPattern", "{230B7E60-2CC8-4A6B-9657-286DA725FE59}"
EndProject
Project("{FAE04EC0-301F-11D3-BF4B-00C04F79EFBC}") = "DI_Demo1_UnderstandingTheNeed", "DependencyInjection\DI_Demo1_UnderstandingTheNeed\DI_Demo1_UnderstandingTheNeed.csproj", "{112B9D67-A701-477F-8B50-36CDD7647A11}"
EndProject
Project("{FAE04EC0-301F-11D3-BF4B-00C04F79EFBC}") = "DI_Demo2_BasicCI", "DependencyInjection\DI_Demo2_BasicCI\DI_Demo2_BasicCI.csproj", "{DE8B635E-79CB-4D7C-A09C-B7C0386BC87A}"
EndProject
Project("{FAE04EC0-301F-11D3-BF4B-00C04F79EFBC}") = "DI_Demo3_EnhancedCI", "DependencyInjection\DI_Demo3_EnhancedCI\DI_Demo3_EnhancedCI.csproj", "{AF7CA3A2-6970-4684-B0A8-BFB2B67EF3D1}"
EndProject
Project("{FAE04EC0-301F-11D3-BF4B-00C04F79EFBC}") = "VehicleLibraryForDI", "DependencyInjection\VehicleLibraryForDI\VehicleLibraryForDI.csproj", "{0EC4F3E4-A670-4A4D-A415-120E1F19C215}"
EndProject
Project("{FAE04EC0-301F-11D3-BF4B-00C04F79EFBC}") = "DI_Demo4_SI", "DependencyInjection\DI_Demo4_SI\DI_Demo4_SI.csproj", "{ADB680D3-686E-4104-BD3D-C44C01104352}"
EndProject
Project("{FAE04EC0-301F-11D3-BF4B-00C04F79EFBC}") = "DI_Demo5_MI", "DependencyInjection\DI_Demo5_MI\DI_Demo5_MI.csproj", "{E01B30B6-8BA3-4DF9-8486-026BD9725F63}"
EndProject
Project("{FAE04EC0-301F-11D3-BF4B-00C04F79EFBC}") = "DI_Demo6_InterfaceInjection", "DependencyInjection\DI_Demo6_InterfaceInjection\DI_Demo6_InterfaceInjection.csproj", "{ECACCB24-9DB9-4492-ACB4-E639B338ED32}"
EndProject
Project("{2150E333-8FDC-42A3-9474-1A3956D46DE8}") = "PrototypePattern", "PrototypePattern", "{02EA681E-C7D8-13C7-8484-4AC65E1B71E8}"
EndProject
Project("{FAE04EC0-301F-11D3-BF4B-00C04F79EFBC}") = "PP_Demo1", "Prototype\PP_Demo1\PP_Demo1.csproj", "{868BB703-C5CD-4C67-31AB-32157137454E}"
EndProject
Global
	GlobalSection(SolutionConfigurationPlatforms) = preSolution
		Debug|Any CPU = Debug|Any CPU
		Release|Any CPU = Release|Any CPU
	EndGlobalSection
	GlobalSection(ProjectConfigurationPlatforms) = postSolution
		{BF46B808-9914-450D-B6C8-3F430BDDB8F1}.Debug|Any CPU.ActiveCfg = Debug|Any CPU
		{BF46B808-9914-450D-B6C8-3F430BDDB8F1}.Debug|Any CPU.Build.0 = Debug|Any CPU
		{BF46B808-9914-450D-B6C8-3F430BDDB8F1}.Release|Any CPU.ActiveCfg = Release|Any CPU
		{BF46B808-9914-450D-B6C8-3F430BDDB8F1}.Release|Any CPU.Build.0 = Release|Any CPU
		{10F6F15E-390B-45F0-BA3B-3080DC2B21FD}.Debug|Any CPU.ActiveCfg = Debug|Any CPU
		{10F6F15E-390B-45F0-BA3B-3080DC2B21FD}.Debug|Any CPU.Build.0 = Debug|Any CPU
		{10F6F15E-390B-45F0-BA3B-3080DC2B21FD}.Release|Any CPU.ActiveCfg = Release|Any CPU
		{10F6F15E-390B-45F0-BA3B-3080DC2B21FD}.Release|Any CPU.Build.0 = Release|Any CPU
		{414BA2DA-3059-4E8E-A740-FB92FB1772DA}.Debug|Any CPU.ActiveCfg = Debug|Any CPU
		{414BA2DA-3059-4E8E-A740-FB92FB1772DA}.Debug|Any CPU.Build.0 = Debug|Any CPU
		{414BA2DA-3059-4E8E-A740-FB92FB1772DA}.Release|Any CPU.ActiveCfg = Release|Any CPU
		{414BA2DA-3059-4E8E-A740-FB92FB1772DA}.Release|Any CPU.Build.0 = Release|Any CPU
		{E6F99832-0518-4774-B0FD-B01D5EDDB648}.Debug|Any CPU.ActiveCfg = Debug|Any CPU
		{E6F99832-0518-4774-B0FD-B01D5EDDB648}.Debug|Any CPU.Build.0 = Debug|Any CPU
		{E6F99832-0518-4774-B0FD-B01D5EDDB648}.Release|Any CPU.ActiveCfg = Release|Any CPU
		{E6F99832-0518-4774-B0FD-B01D5EDDB648}.Release|Any CPU.Build.0 = Release|Any CPU
		{E5B7E7CE-FE45-4761-AF8F-1F3A5BA00076}.Debug|Any CPU.ActiveCfg = Debug|Any CPU
		{E5B7E7CE-FE45-4761-AF8F-1F3A5BA00076}.Debug|Any CPU.Build.0 = Debug|Any CPU
		{E5B7E7CE-FE45-4761-AF8F-1F3A5BA00076}.Release|Any CPU.ActiveCfg = Release|Any CPU
		{E5B7E7CE-FE45-4761-AF8F-1F3A5BA00076}.Release|Any CPU.Build.0 = Release|Any CPU
		{C0AFC653-EEED-4216-BDD9-86F60F213824}.Debug|Any CPU.ActiveCfg = Debug|Any CPU
		{C0AFC653-EEED-4216-BDD9-86F60F213824}.Debug|Any CPU.Build.0 = Debug|Any CPU
		{C0AFC653-EEED-4216-BDD9-86F60F213824}.Release|Any CPU.ActiveCfg = Release|Any CPU
		{C0AFC653-EEED-4216-BDD9-86F60F213824}.Release|Any CPU.Build.0 = Release|Any CPU
		{FE49E484-87E3-4B46-8515-4995E7911066}.Debug|Any CPU.ActiveCfg = Debug|Any CPU
		{FE49E484-87E3-4B46-8515-4995E7911066}.Debug|Any CPU.Build.0 = Debug|Any CPU
		{FE49E484-87E3-4B46-8515-4995E7911066}.Release|Any CPU.ActiveCfg = Release|Any CPU
		{FE49E484-87E3-4B46-8515-4995E7911066}.Release|Any CPU.Build.0 = Release|Any CPU
		{EDF4752A-6F01-4714-AA2C-12193EA99253}.Debug|Any CPU.ActiveCfg = Debug|Any CPU
		{EDF4752A-6F01-4714-AA2C-12193EA99253}.Debug|Any CPU.Build.0 = Debug|Any CPU
		{EDF4752A-6F01-4714-AA2C-12193EA99253}.Release|Any CPU.ActiveCfg = Release|Any CPU
		{EDF4752A-6F01-4714-AA2C-12193EA99253}.Release|Any CPU.Build.0 = Release|Any CPU
		{9F26BA78-9B9B-4C4F-B3F5-BB2321885486}.Debug|Any CPU.ActiveCfg = Debug|Any CPU
		{9F26BA78-9B9B-4C4F-B3F5-BB2321885486}.Debug|Any CPU.Build.0 = Debug|Any CPU
		{9F26BA78-9B9B-4C4F-B3F5-BB2321885486}.Release|Any CPU.ActiveCfg = Release|Any CPU
		{9F26BA78-9B9B-4C4F-B3F5-BB2321885486}.Release|Any CPU.Build.0 = Release|Any CPU
		{6C3CA5A0-3DBC-49F4-9577-0CED4A9033E3}.Debug|Any CPU.ActiveCfg = Debug|Any CPU
		{6C3CA5A0-3DBC-49F4-9577-0CED4A9033E3}.Debug|Any CPU.Build.0 = Debug|Any CPU
		{6C3CA5A0-3DBC-49F4-9577-0CED4A9033E3}.Release|Any CPU.ActiveCfg = Release|Any CPU
		{6C3CA5A0-3DBC-49F4-9577-0CED4A9033E3}.Release|Any CPU.Build.0 = Release|Any CPU
		{FB3EA93F-FD94-4822-A9A1-E3847F14D25B}.Debug|Any CPU.ActiveCfg = Debug|Any CPU
		{FB3EA93F-FD94-4822-A9A1-E3847F14D25B}.Debug|Any CPU.Build.0 = Debug|Any CPU
		{FB3EA93F-FD94-4822-A9A1-E3847F14D25B}.Release|Any CPU.ActiveCfg = Release|Any CPU
		{FB3EA93F-FD94-4822-A9A1-E3847F14D25B}.Release|Any CPU.Build.0 = Release|Any CPU
		{327A18EE-DE06-4E33-9CC8-532C0769F573}.Debug|Any CPU.ActiveCfg = Debug|Any CPU
		{327A18EE-DE06-4E33-9CC8-532C0769F573}.Debug|Any CPU.Build.0 = Debug|Any CPU
		{327A18EE-DE06-4E33-9CC8-532C0769F573}.Release|Any CPU.ActiveCfg = Release|Any CPU
		{327A18EE-DE06-4E33-9CC8-532C0769F573}.Release|Any CPU.Build.0 = Release|Any CPU
		{71A968D7-5B77-4F3C-842C-0814D79C0BA5}.Debug|Any CPU.ActiveCfg = Debug|Any CPU
		{71A968D7-5B77-4F3C-842C-0814D79C0BA5}.Debug|Any CPU.Build.0 = Debug|Any CPU
		{71A968D7-5B77-4F3C-842C-0814D79C0BA5}.Release|Any CPU.ActiveCfg = Release|Any CPU
		{71A968D7-5B77-4F3C-842C-0814D79C0BA5}.Release|Any CPU.Build.0 = Release|Any CPU
		{112B9D67-A701-477F-8B50-36CDD7647A11}.Debug|Any CPU.ActiveCfg = Debug|Any CPU
		{112B9D67-A701-477F-8B50-36CDD7647A11}.Debug|Any CPU.Build.0 = Debug|Any CPU
		{112B9D67-A701-477F-8B50-36CDD7647A11}.Release|Any CPU.ActiveCfg = Release|Any CPU
		{112B9D67-A701-477F-8B50-36CDD7647A11}.Release|Any CPU.Build.0 = Release|Any CPU
		{DE8B635E-79CB-4D7C-A09C-B7C0386BC87A}.Debug|Any CPU.ActiveCfg = Debug|Any CPU
		{DE8B635E-79CB-4D7C-A09C-B7C0386BC87A}.Debug|Any CPU.Build.0 = Debug|Any CPU
		{DE8B635E-79CB-4D7C-A09C-B7C0386BC87A}.Release|Any CPU.ActiveCfg = Release|Any CPU
		{DE8B635E-79CB-4D7C-A09C-B7C0386BC87A}.Release|Any CPU.Build.0 = Release|Any CPU
		{AF7CA3A2-6970-4684-B0A8-BFB2B67EF3D1}.Debug|Any CPU.ActiveCfg = Debug|Any CPU
		{AF7CA3A2-6970-4684-B0A8-BFB2B67EF3D1}.Debug|Any CPU.Build.0 = Debug|Any CPU
		{AF7CA3A2-6970-4684-B0A8-BFB2B67EF3D1}.Release|Any CPU.ActiveCfg = Release|Any CPU
		{AF7CA3A2-6970-4684-B0A8-BFB2B67EF3D1}.Release|Any CPU.Build.0 = Release|Any CPU
		{0EC4F3E4-A670-4A4D-A415-120E1F19C215}.Debug|Any CPU.ActiveCfg = Debug|Any CPU
		{0EC4F3E4-A670-4A4D-A415-120E1F19C215}.Debug|Any CPU.Build.0 = Debug|Any CPU
		{0EC4F3E4-A670-4A4D-A415-120E1F19C215}.Release|Any CPU.ActiveCfg = Release|Any CPU
		{0EC4F3E4-A670-4A4D-A415-120E1F19C215}.Release|Any CPU.Build.0 = Release|Any CPU
		{ADB680D3-686E-4104-BD3D-C44C01104352}.Debug|Any CPU.ActiveCfg = Debug|Any CPU
		{ADB680D3-686E-4104-BD3D-C44C01104352}.Debug|Any CPU.Build.0 = Debug|Any CPU
		{ADB680D3-686E-4104-BD3D-C44C01104352}.Release|Any CPU.ActiveCfg = Release|Any CPU
		{ADB680D3-686E-4104-BD3D-C44C01104352}.Release|Any CPU.Build.0 = Release|Any CPU
		{E01B30B6-8BA3-4DF9-8486-026BD9725F63}.Debug|Any CPU.ActiveCfg = Debug|Any CPU
		{E01B30B6-8BA3-4DF9-8486-026BD9725F63}.Debug|Any CPU.Build.0 = Debug|Any CPU
		{E01B30B6-8BA3-4DF9-8486-026BD9725F63}.Release|Any CPU.ActiveCfg = Release|Any CPU
		{E01B30B6-8BA3-4DF9-8486-026BD9725F63}.Release|Any CPU.Build.0 = Release|Any CPU
		{ECACCB24-9DB9-4492-ACB4-E639B338ED32}.Debug|Any CPU.ActiveCfg = Debug|Any CPU
		{ECACCB24-9DB9-4492-ACB4-E639B338ED32}.Debug|Any CPU.Build.0 = Debug|Any CPU
		{ECACCB24-9DB9-4492-ACB4-E639B338ED32}.Release|Any CPU.ActiveCfg = Release|Any CPU
		{ECACCB24-9DB9-4492-ACB4-E639B338ED32}.Release|Any CPU.Build.0 = Release|Any CPU
		{868BB703-C5CD-4C67-31AB-32157137454E}.Debug|Any CPU.ActiveCfg = Debug|Any CPU
		{868BB703-C5CD-4C67-31AB-32157137454E}.Debug|Any CPU.Build.0 = Debug|Any CPU
		{868BB703-C5CD-4C67-31AB-32157137454E}.Release|Any CPU.ActiveCfg = Release|Any CPU
		{868BB703-C5CD-4C67-31AB-32157137454E}.Release|Any CPU.Build.0 = Release|Any CPU
	EndGlobalSection
	GlobalSection(SolutionProperties) = preSolution
		HideSolutionNode = FALSE
	EndGlobalSection
	GlobalSection(NestedProjects) = preSolution
		{BF46B808-9914-450D-B6C8-3F430BDDB8F1} = {C7323748-3364-40B9-A107-86E67B744E9D}
		{10F6F15E-390B-45F0-BA3B-3080DC2B21FD} = {C7323748-3364-40B9-A107-86E67B744E9D}
		{414BA2DA-3059-4E8E-A740-FB92FB1772DA} = {C7323748-3364-40B9-A107-86E67B744E9D}
		{E6F99832-0518-4774-B0FD-B01D5EDDB648} = {C7323748-3364-40B9-A107-86E67B744E9D}
		{E5B7E7CE-FE45-4761-AF8F-1F3A5BA00076} = {C7323748-3364-40B9-A107-86E67B744E9D}
		{C0AFC653-EEED-4216-BDD9-86F60F213824} = {A7B1024B-CDF0-49E5-8C46-5ED26947F3A2}
		{FE49E484-87E3-4B46-8515-4995E7911066} = {A7B1024B-CDF0-49E5-8C46-5ED26947F3A2}
		{EDF4752A-6F01-4714-AA2C-12193EA99253} = {A7B1024B-CDF0-49E5-8C46-5ED26947F3A2}
		{9F26BA78-9B9B-4C4F-B3F5-BB2321885486} = {A7B1024B-CDF0-49E5-8C46-5ED26947F3A2}
		{6C3CA5A0-3DBC-49F4-9577-0CED4A9033E3} = {A7B1024B-CDF0-49E5-8C46-5ED26947F3A2}
		{FB3EA93F-FD94-4822-A9A1-E3847F14D25B} = {A7B1024B-CDF0-49E5-8C46-5ED26947F3A2}
		{327A18EE-DE06-4E33-9CC8-532C0769F573} = {9ADCFB71-97EA-484E-9271-BBC65B5DFD73}
		{71A968D7-5B77-4F3C-842C-0814D79C0BA5} = {9ADCFB71-97EA-484E-9271-BBC65B5DFD73}
		{112B9D67-A701-477F-8B50-36CDD7647A11} = {230B7E60-2CC8-4A6B-9657-286DA725FE59}
		{DE8B635E-79CB-4D7C-A09C-B7C0386BC87A} = {230B7E60-2CC8-4A6B-9657-286DA725FE59}
		{AF7CA3A2-6970-4684-B0A8-BFB2B67EF3D1} = {230B7E60-2CC8-4A6B-9657-286DA725FE59}
		{0EC4F3E4-A670-4A4D-A415-120E1F19C215} = {230B7E60-2CC8-4A6B-9657-286DA725FE59}
		{ADB680D3-686E-4104-BD3D-C44C01104352} = {230B7E60-2CC8-4A6B-9657-286DA725FE59}
		{E01B30B6-8BA3-4DF9-8486-026BD9725F63} = {230B7E60-2CC8-4A6B-9657-286DA725FE59}
		{ECACCB24-9DB9-4492-ACB4-E639B338ED32} = {230B7E60-2CC8-4A6B-9657-286DA725FE59}
		{868BB703-C5CD-4C67-31AB-32157137454E} = {02EA681E-C7D8-13C7-8484-4AC65E1B71E8}
	EndGlobalSection
EndGlobal
